
Microsoft Visual Studio Solution File, Format Version 12.00
# Visual Studio Version 16
VisualStudioVersion = 16.0.29728.190
MinimumVisualStudioVersion = 10.0.40219.1
Project("{FAE04EC0-301F-11D3-BF4B-00C04F79EFBC}") = "vorpcore_cl", "vorpcore_cl\vorpcore_cl.csproj", "{CE91D7D8-B284-49DF-8690-5E7071CEC0DC}"
EndProject
Project("{FAE04EC0-301F-11D3-BF4B-00C04F79EFBC}") = "vorpcore_sv", "vorpcore_sv\vorpcore_sv.csproj", "{A754D885-DA97-4ED1-835A-AEB3160DBD46}"
EndProject
Project("{E24C65DC-7377-472B-9ABA-BC803B73C61A}") = "ui", "build\vorp_core\ui\", "{E56E732C-051A-45D1-9D92-DA62FADE17AE}"
	ProjectSection(WebsiteProperties) = preProject
		TargetFrameworkMoniker = ".NETFramework,Version%3Dv4.5.2"
		Debug.AspNetCompiler.VirtualPath = "/localhost_63896"
		Debug.AspNetCompiler.PhysicalPath = "build\vorp_core\ui\"
		Debug.AspNetCompiler.TargetPath = "PrecompiledWeb\localhost_63896\"
		Debug.AspNetCompiler.Updateable = "true"
		Debug.AspNetCompiler.ForceOverwrite = "true"
		Debug.AspNetCompiler.FixedNames = "false"
		Debug.AspNetCompiler.Debug = "True"
		Release.AspNetCompiler.VirtualPath = "/localhost_63896"
		Release.AspNetCompiler.PhysicalPath = "build\vorp_core\ui\"
		Release.AspNetCompiler.TargetPath = "PrecompiledWeb\localhost_63896\"
		Release.AspNetCompiler.Updateable = "true"
		Release.AspNetCompiler.ForceOverwrite = "true"
		Release.AspNetCompiler.FixedNames = "false"
		Release.AspNetCompiler.Debug = "False"
		VWDPort = "63896"
	EndProjectSection
EndProject
Project("{2150E333-8FDC-42A3-9474-1A3956D46DE8}") = "Solution Items", "Solution Items", "{33ABDEC4-02DC-4FCB-93D3-62397F4512B6}"
	ProjectSection(SolutionItems) = preProject
		build\vorp_core\fxmanifest.lua = build\vorp_core\fxmanifest.lua
		build\vorp_core\Notifications.js = build\vorp_core\Notifications.js
		build\vorp_core\vorpcore_luapi.lua = build\vorp_core\vorpcore_luapi.lua
		build\vorp_core\vorpv2.sql = build\vorp_core\vorpv2.sql
	EndProjectSection
EndProject
Global
	GlobalSection(SolutionConfigurationPlatforms) = preSolution
		Debug|Any CPU = Debug|Any CPU
		Release|Any CPU = Release|Any CPU
	EndGlobalSection
	GlobalSection(ProjectConfigurationPlatforms) = postSolution
		{CE91D7D8-B284-49DF-8690-5E7071CEC0DC}.Debug|Any CPU.ActiveCfg = Debug|Any CPU
		{CE91D7D8-B284-49DF-8690-5E7071CEC0DC}.Debug|Any CPU.Build.0 = Debug|Any CPU
		{CE91D7D8-B284-49DF-8690-5E7071CEC0DC}.Release|Any CPU.ActiveCfg = Release|Any CPU
		{CE91D7D8-B284-49DF-8690-5E7071CEC0DC}.Release|Any CPU.Build.0 = Release|Any CPU
		{A754D885-DA97-4ED1-835A-AEB3160DBD46}.Debug|Any CPU.ActiveCfg = Debug|Any CPU
		{A754D885-DA97-4ED1-835A-AEB3160DBD46}.Debug|Any CPU.Build.0 = Debug|Any CPU
		{A754D885-DA97-4ED1-835A-AEB3160DBD46}.Release|Any CPU.ActiveCfg = Release|Any CPU
		{A754D885-DA97-4ED1-835A-AEB3160DBD46}.Release|Any CPU.Build.0 = Release|Any CPU
		{E56E732C-051A-45D1-9D92-DA62FADE17AE}.Debug|Any CPU.ActiveCfg = Debug|Any CPU
		{E56E732C-051A-45D1-9D92-DA62FADE17AE}.Debug|Any CPU.Build.0 = Debug|Any CPU
		{E56E732C-051A-45D1-9D92-DA62FADE17AE}.Release|Any CPU.ActiveCfg = Debug|Any CPU
		{E56E732C-051A-45D1-9D92-DA62FADE17AE}.Release|Any CPU.Build.0 = Debug|Any CPU
	EndGlobalSection
	GlobalSection(SolutionProperties) = preSolution
		HideSolutionNode = FALSE
	EndGlobalSection
	GlobalSection(ExtensibilityGlobals) = postSolution
		SolutionGuid = {D9B005D7-947F-4677-9A82-5E0A8C8A0235}
	EndGlobalSection
EndGlobal
